// !$*UTF8*$!
{
	archiveVersion = 1;
	classes = {
	};
	objectVersion = 56;
	objects = {

/* Begin PBXBuildFile section */
		6169CB1F2C7C3F8D0092F61E /* BoxOfficeApp.swift in Sources */ = {isa = PBXBuildFile; fileRef = 6169CB1E2C7C3F8D0092F61E /* BoxOfficeApp.swift */; };
		6169CB232C7C3F8E0092F61E /* Assets.xcassets in Resources */ = {isa = PBXBuildFile; fileRef = 6169CB222C7C3F8E0092F61E /* Assets.xcassets */; };
		6169CB272C7C3F8E0092F61E /* Preview Assets.xcassets in Resources */ = {isa = PBXBuildFile; fileRef = 6169CB262C7C3F8E0092F61E /* Preview Assets.xcassets */; };
		6169CB342C7C3FC50092F61E /* MovieInfoModel.swift in Sources */ = {isa = PBXBuildFile; fileRef = 6169CB302C7C3FC50092F61E /* MovieInfoModel.swift */; };
		6169CB352C7C3FC50092F61E /* BoxOfficeModel.swift in Sources */ = {isa = PBXBuildFile; fileRef = 6169CB312C7C3FC50092F61E /* BoxOfficeModel.swift */; };
		6169CB362C7C3FC50092F61E /* MovieModel.swift in Sources */ = {isa = PBXBuildFile; fileRef = 6169CB322C7C3FC50092F61E /* MovieModel.swift */; };
		6169CB372C7C3FC50092F61E /* MoviePosterModel.swift in Sources */ = {isa = PBXBuildFile; fileRef = 6169CB332C7C3FC50092F61E /* MoviePosterModel.swift */; };
		6169CB3B2C7C40130092F61E /* Kobis.swift in Sources */ = {isa = PBXBuildFile; fileRef = 6169CB392C7C40130092F61E /* Kobis.swift */; };
		6169CB3C2C7C40130092F61E /* Omdb.swift in Sources */ = {isa = PBXBuildFile; fileRef = 6169CB3A2C7C40130092F61E /* Omdb.swift */; };
		6169CB412C7C40250092F61E /* MovieViewModel.swift in Sources */ = {isa = PBXBuildFile; fileRef = 6169CB3D2C7C40250092F61E /* MovieViewModel.swift */; };
		6169CB422C7C40250092F61E /* BoxOfficeViewModel.swift in Sources */ = {isa = PBXBuildFile; fileRef = 6169CB3E2C7C40250092F61E /* BoxOfficeViewModel.swift */; };
		6169CB432C7C40250092F61E /* MovieInfoViewModel.swift in Sources */ = {isa = PBXBuildFile; fileRef = 6169CB3F2C7C40250092F61E /* MovieInfoViewModel.swift */; };
		6169CB442C7C40250092F61E /* MoviePosterViewModel.swift in Sources */ = {isa = PBXBuildFile; fileRef = 6169CB402C7C40250092F61E /* MoviePosterViewModel.swift */; };
		6169CB4A2C7C40440092F61E /* MovieDetailView.swift in Sources */ = {isa = PBXBuildFile; fileRef = 6169CB452C7C40440092F61E /* MovieDetailView.swift */; };
		6169CB4B2C7C40440092F61E /* MyPageView.swift in Sources */ = {isa = PBXBuildFile; fileRef = 6169CB462C7C40440092F61E /* MyPageView.swift */; };
		6169CB4C2C7C40440092F61E /* BoxOfficeView.swift in Sources */ = {isa = PBXBuildFile; fileRef = 6169CB472C7C40440092F61E /* BoxOfficeView.swift */; };
		6169CB4D2C7C40440092F61E /* MovieListView.swift in Sources */ = {isa = PBXBuildFile; fileRef = 6169CB482C7C40440092F61E /* MovieListView.swift */; };
		6169CB4E2C7C40440092F61E /* MainView.swift in Sources */ = {isa = PBXBuildFile; fileRef = 6169CB492C7C40440092F61E /* MainView.swift */; };
		6169CB512C7C40BB0092F61E /* APIKeys.plist in Resources */ = {isa = PBXBuildFile; fileRef = 6169CB502C7C40BB0092F61E /* APIKeys.plist */; };
		6169CB532C7C40FB0092F61E /* Bundle.swift in Sources */ = {isa = PBXBuildFile; fileRef = 6169CB522C7C40FB0092F61E /* Bundle.swift */; };
		6169CB552C7C41140092F61E /* Formatter.swift in Sources */ = {isa = PBXBuildFile; fileRef = 6169CB542C7C41140092F61E /* Formatter.swift */; };
/* End PBXBuildFile section */

/* Begin PBXFileReference section */
		6169CB1B2C7C3F8D0092F61E /* BoxOffice.app */ = {isa = PBXFileReference; explicitFileType = wrapper.application; includeInIndex = 0; path = BoxOffice.app; sourceTree = BUILT_PRODUCTS_DIR; };
		6169CB1E2C7C3F8D0092F61E /* BoxOfficeApp.swift */ = {isa = PBXFileReference; lastKnownFileType = sourcecode.swift; path = BoxOfficeApp.swift; sourceTree = "<group>"; };
		6169CB222C7C3F8E0092F61E /* Assets.xcassets */ = {isa = PBXFileReference; lastKnownFileType = folder.assetcatalog; path = Assets.xcassets; sourceTree = "<group>"; };
		6169CB242C7C3F8E0092F61E /* BoxOffice.entitlements */ = {isa = PBXFileReference; lastKnownFileType = text.plist.entitlements; path = BoxOffice.entitlements; sourceTree = "<group>"; };
		6169CB262C7C3F8E0092F61E /* Preview Assets.xcassets */ = {isa = PBXFileReference; lastKnownFileType = folder.assetcatalog; path = "Preview Assets.xcassets"; sourceTree = "<group>"; };
		6169CB302C7C3FC50092F61E /* MovieInfoModel.swift */ = {isa = PBXFileReference; fileEncoding = 4; lastKnownFileType = sourcecode.swift; path = MovieInfoModel.swift; sourceTree = "<group>"; };
		6169CB312C7C3FC50092F61E /* BoxOfficeModel.swift */ = {isa = PBXFileReference; fileEncoding = 4; lastKnownFileType = sourcecode.swift; path = BoxOfficeModel.swift; sourceTree = "<group>"; };
		6169CB322C7C3FC50092F61E /* MovieModel.swift */ = {isa = PBXFileReference; fileEncoding = 4; lastKnownFileType = sourcecode.swift; path = MovieModel.swift; sourceTree = "<group>"; };
		6169CB332C7C3FC50092F61E /* MoviePosterModel.swift */ = {isa = PBXFileReference; fileEncoding = 4; lastKnownFileType = sourcecode.swift; path = MoviePosterModel.swift; sourceTree = "<group>"; };
		6169CB392C7C40130092F61E /* Kobis.swift */ = {isa = PBXFileReference; fileEncoding = 4; lastKnownFileType = sourcecode.swift; path = Kobis.swift; sourceTree = "<group>"; };
		6169CB3A2C7C40130092F61E /* Omdb.swift */ = {isa = PBXFileReference; fileEncoding = 4; lastKnownFileType = sourcecode.swift; path = Omdb.swift; sourceTree = "<group>"; };
		6169CB3D2C7C40250092F61E /* MovieViewModel.swift */ = {isa = PBXFileReference; fileEncoding = 4; lastKnownFileType = sourcecode.swift; path = MovieViewModel.swift; sourceTree = "<group>"; };
		6169CB3E2C7C40250092F61E /* BoxOfficeViewModel.swift */ = {isa = PBXFileReference; fileEncoding = 4; lastKnownFileType = sourcecode.swift; path = BoxOfficeViewModel.swift; sourceTree = "<group>"; };
		6169CB3F2C7C40250092F61E /* MovieInfoViewModel.swift */ = {isa = PBXFileReference; fileEncoding = 4; lastKnownFileType = sourcecode.swift; path = MovieInfoViewModel.swift; sourceTree = "<group>"; };
		6169CB402C7C40250092F61E /* MoviePosterViewModel.swift */ = {isa = PBXFileReference; fileEncoding = 4; lastKnownFileType = sourcecode.swift; path = MoviePosterViewModel.swift; sourceTree = "<group>"; };
		6169CB452C7C40440092F61E /* MovieDetailView.swift */ = {isa = PBXFileReference; fileEncoding = 4; lastKnownFileType = sourcecode.swift; path = MovieDetailView.swift; sourceTree = "<group>"; };
		6169CB462C7C40440092F61E /* MyPageView.swift */ = {isa = PBXFileReference; fileEncoding = 4; lastKnownFileType = sourcecode.swift; path = MyPageView.swift; sourceTree = "<group>"; };
		6169CB472C7C40440092F61E /* BoxOfficeView.swift */ = {isa = PBXFileReference; fileEncoding = 4; lastKnownFileType = sourcecode.swift; path = BoxOfficeView.swift; sourceTree = "<group>"; };
		6169CB482C7C40440092F61E /* MovieListView.swift */ = {isa = PBXFileReference; fileEncoding = 4; lastKnownFileType = sourcecode.swift; path = MovieListView.swift; sourceTree = "<group>"; };
		6169CB492C7C40440092F61E /* MainView.swift */ = {isa = PBXFileReference; fileEncoding = 4; lastKnownFileType = sourcecode.swift; path = MainView.swift; sourceTree = "<group>"; };
		6169CB502C7C40BB0092F61E /* APIKeys.plist */ = {isa = PBXFileReference; lastKnownFileType = text.plist.xml; path = APIKeys.plist; sourceTree = "<group>"; };
		6169CB522C7C40FB0092F61E /* Bundle.swift */ = {isa = PBXFileReference; lastKnownFileType = sourcecode.swift; path = Bundle.swift; sourceTree = "<group>"; };
		6169CB542C7C41140092F61E /* Formatter.swift */ = {isa = PBXFileReference; lastKnownFileType = sourcecode.swift; path = Formatter.swift; sourceTree = "<group>"; };
/* End PBXFileReference section */

/* Begin PBXFrameworksBuildPhase section */
		6169CB182C7C3F8D0092F61E /* Frameworks */ = {
			isa = PBXFrameworksBuildPhase;
			buildActionMask = 2147483647;
			files = (
			);
			runOnlyForDeploymentPostprocessing = 0;
		};
/* End PBXFrameworksBuildPhase section */

/* Begin PBXGroup section */
		6169CB122C7C3F8D0092F61E = {
			isa = PBXGroup;
			children = (
				6169CB1D2C7C3F8D0092F61E /* BoxOffice */,
				6169CB1C2C7C3F8D0092F61E /* Products */,
			);
			sourceTree = "<group>";
		};
		6169CB1C2C7C3F8D0092F61E /* Products */ = {
			isa = PBXGroup;
			children = (
				6169CB1B2C7C3F8D0092F61E /* BoxOffice.app */,
			);
			name = Products;
			sourceTree = "<group>";
		};
		6169CB1D2C7C3F8D0092F61E /* BoxOffice */ = {
			isa = PBXGroup;
			children = (
				6169CB4F2C7C40A30092F61E /* Extension */,
				6169CB2F2C7C3FA40092F61E /* Model */,
				6169CB2E2C7C3F9C0092F61E /* ViewModel */,
				6169CB2D2C7C3F940092F61E /* View */,
				6169CB1E2C7C3F8D0092F61E /* BoxOfficeApp.swift */,
				6169CB222C7C3F8E0092F61E /* Assets.xcassets */,
				6169CB242C7C3F8E0092F61E /* BoxOffice.entitlements */,
				6169CB252C7C3F8E0092F61E /* Preview Content */,
			);
			path = BoxOffice;
			sourceTree = "<group>";
		};
		6169CB252C7C3F8E0092F61E /* Preview Content */ = {
			isa = PBXGroup;
			children = (
				6169CB262C7C3F8E0092F61E /* Preview Assets.xcassets */,
			);
			path = "Preview Content";
			sourceTree = "<group>";
		};
		6169CB2D2C7C3F940092F61E /* View */ = {
			isa = PBXGroup;
			children = (
				6169CB472C7C40440092F61E /* BoxOfficeView.swift */,
				6169CB492C7C40440092F61E /* MainView.swift */,
				6169CB452C7C40440092F61E /* MovieDetailView.swift */,
				6169CB482C7C40440092F61E /* MovieListView.swift */,
				6169CB462C7C40440092F61E /* MyPageView.swift */,
			);
			path = View;
			sourceTree = "<group>";
		};
		6169CB2E2C7C3F9C0092F61E /* ViewModel */ = {
			isa = PBXGroup;
			children = (
				6169CB382C7C3FEE0092F61E /* API */,
				6169CB3E2C7C40250092F61E /* BoxOfficeViewModel.swift */,
				6169CB3F2C7C40250092F61E /* MovieInfoViewModel.swift */,
				6169CB402C7C40250092F61E /* MoviePosterViewModel.swift */,
				6169CB3D2C7C40250092F61E /* MovieViewModel.swift */,
			);
			path = ViewModel;
			sourceTree = "<group>";
		};
		6169CB2F2C7C3FA40092F61E /* Model */ = {
			isa = PBXGroup;
			children = (
				6169CB312C7C3FC50092F61E /* BoxOfficeModel.swift */,
				6169CB302C7C3FC50092F61E /* MovieInfoModel.swift */,
				6169CB332C7C3FC50092F61E /* MoviePosterModel.swift */,
				6169CB322C7C3FC50092F61E /* MovieModel.swift */,
			);
			path = Model;
			sourceTree = "<group>";
		};
		6169CB382C7C3FEE0092F61E /* API */ = {
			isa = PBXGroup;
			children = (
				6169CB392C7C40130092F61E /* Kobis.swift */,
				6169CB3A2C7C40130092F61E /* Omdb.swift */,
			);
			path = API;
			sourceTree = "<group>";
		};
		6169CB4F2C7C40A30092F61E /* Extension */ = {
			isa = PBXGroup;
			children = (
				6169CB502C7C40BB0092F61E /* APIKeys.plist */,
				6169CB522C7C40FB0092F61E /* Bundle.swift */,
				6169CB542C7C41140092F61E /* Formatter.swift */,
			);
			path = Extension;
			sourceTree = "<group>";
		};
/* End PBXGroup section */

/* Begin PBXNativeTarget section */
		6169CB1A2C7C3F8D0092F61E /* BoxOffice */ = {
			isa = PBXNativeTarget;
			buildConfigurationList = 6169CB2A2C7C3F8E0092F61E /* Build configuration list for PBXNativeTarget "BoxOffice" */;
			buildPhases = (
				6169CB172C7C3F8D0092F61E /* Sources */,
				6169CB182C7C3F8D0092F61E /* Frameworks */,
				6169CB192C7C3F8D0092F61E /* Resources */,
			);
			buildRules = (
			);
			dependencies = (
			);
			name = BoxOffice;
			productName = BoxOffice;
			productReference = 6169CB1B2C7C3F8D0092F61E /* BoxOffice.app */;
			productType = "com.apple.product-type.application";
		};
/* End PBXNativeTarget section */

/* Begin PBXProject section */
		6169CB132C7C3F8D0092F61E /* Project object */ = {
			isa = PBXProject;
			attributes = {
				BuildIndependentTargetsInParallel = 1;
				LastSwiftUpdateCheck = 1540;
				LastUpgradeCheck = 1540;
				TargetAttributes = {
					6169CB1A2C7C3F8D0092F61E = {
						CreatedOnToolsVersion = 15.4;
					};
				};
			};
			buildConfigurationList = 6169CB162C7C3F8D0092F61E /* Build configuration list for PBXProject "BoxOffice" */;
			compatibilityVersion = "Xcode 14.0";
			developmentRegion = en;
			hasScannedForEncodings = 0;
			knownRegions = (
				en,
				Base,
			);
			mainGroup = 6169CB122C7C3F8D0092F61E;
			productRefGroup = 6169CB1C2C7C3F8D0092F61E /* Products */;
			projectDirPath = "";
			projectRoot = "";
			targets = (
				6169CB1A2C7C3F8D0092F61E /* BoxOffice */,
			);
		};
/* End PBXProject section */

/* Begin PBXResourcesBuildPhase section */
		6169CB192C7C3F8D0092F61E /* Resources */ = {
			isa = PBXResourcesBuildPhase;
			buildActionMask = 2147483647;
			files = (
				6169CB512C7C40BB0092F61E /* APIKeys.plist in Resources */,
				6169CB272C7C3F8E0092F61E /* Preview Assets.xcassets in Resources */,
				6169CB232C7C3F8E0092F61E /* Assets.xcassets in Resources */,
			);
			runOnlyForDeploymentPostprocessing = 0;
		};
/* End PBXResourcesBuildPhase section */

/* Begin PBXSourcesBuildPhase section */
		6169CB172C7C3F8D0092F61E /* Sources */ = {
			isa = PBXSourcesBuildPhase;
			buildActionMask = 2147483647;
			files = (
				6169CB3B2C7C40130092F61E /* Kobis.swift in Sources */,
				6169CB352C7C3FC50092F61E /* BoxOfficeModel.swift in Sources */,
				6169CB432C7C40250092F61E /* MovieInfoViewModel.swift in Sources */,
				6169CB362C7C3FC50092F61E /* MovieModel.swift in Sources */,
				6169CB4D2C7C40440092F61E /* MovieListView.swift in Sources */,
				6169CB422C7C40250092F61E /* BoxOfficeViewModel.swift in Sources */,
				6169CB372C7C3FC50092F61E /* MoviePosterModel.swift in Sources */,
				6169CB4B2C7C40440092F61E /* MyPageView.swift in Sources */,
				6169CB4A2C7C40440092F61E /* MovieDetailView.swift in Sources */,
				6169CB412C7C40250092F61E /* MovieViewModel.swift in Sources */,
				6169CB4E2C7C40440092F61E /* MainView.swift in Sources */,
				6169CB1F2C7C3F8D0092F61E /* BoxOfficeApp.swift in Sources */,
				6169CB552C7C41140092F61E /* Formatter.swift in Sources */,
				6169CB342C7C3FC50092F61E /* MovieInfoModel.swift in Sources */,
				6169CB532C7C40FB0092F61E /* Bundle.swift in Sources */,
				6169CB4C2C7C40440092F61E /* BoxOfficeView.swift in Sources */,
				6169CB442C7C40250092F61E /* MoviePosterViewModel.swift in Sources */,
				6169CB3C2C7C40130092F61E /* Omdb.swift in Sources */,
			);
			runOnlyForDeploymentPostprocessing = 0;
		};
/* End PBXSourcesBuildPhase section */

/* Begin XCBuildConfiguration section */
		6169CB282C7C3F8E0092F61E /* Debug */ = {
			isa = XCBuildConfiguration;
			buildSettings = {
				ALWAYS_SEARCH_USER_PATHS = NO;
				ASSETCATALOG_COMPILER_GENERATE_SWIFT_ASSET_SYMBOL_EXTENSIONS = YES;
				CLANG_ANALYZER_NONNULL = YES;
				CLANG_ANALYZER_NUMBER_OBJECT_CONVERSION = YES_AGGRESSIVE;
				CLANG_CXX_LANGUAGE_STANDARD = "gnu++20";
				CLANG_ENABLE_MODULES = YES;
				CLANG_ENABLE_OBJC_ARC = YES;
				CLANG_ENABLE_OBJC_WEAK = YES;
				CLANG_WARN_BLOCK_CAPTURE_AUTORELEASING = YES;
				CLANG_WARN_BOOL_CONVERSION = YES;
				CLANG_WARN_COMMA = YES;
				CLANG_WARN_CONSTANT_CONVERSION = YES;
				CLANG_WARN_DEPRECATED_OBJC_IMPLEMENTATIONS = YES;
				CLANG_WARN_DIRECT_OBJC_ISA_USAGE = YES_ERROR;
				CLANG_WARN_DOCUMENTATION_COMMENTS = YES;
				CLANG_WARN_EMPTY_BODY = YES;
				CLANG_WARN_ENUM_CONVERSION = YES;
				CLANG_WARN_INFINITE_RECURSION = YES;
				CLANG_WARN_INT_CONVERSION = YES;
				CLANG_WARN_NON_LITERAL_NULL_CONVERSION = YES;
				CLANG_WARN_OBJC_IMPLICIT_RETAIN_SELF = YES;
				CLANG_WARN_OBJC_LITERAL_CONVERSION = YES;
				CLANG_WARN_OBJC_ROOT_CLASS = YES_ERROR;
				CLANG_WARN_QUOTED_INCLUDE_IN_FRAMEWORK_HEADER = YES;
				CLANG_WARN_RANGE_LOOP_ANALYSIS = YES;
				CLANG_WARN_STRICT_PROTOTYPES = YES;
				CLANG_WARN_SUSPICIOUS_MOVE = YES;
				CLANG_WARN_UNGUARDED_AVAILABILITY = YES_AGGRESSIVE;
				CLANG_WARN_UNREACHABLE_CODE = YES;
				CLANG_WARN__DUPLICATE_METHOD_MATCH = YES;
				COPY_PHASE_STRIP = NO;
				DEBUG_INFORMATION_FORMAT = dwarf;
				ENABLE_STRICT_OBJC_MSGSEND = YES;
				ENABLE_TESTABILITY = YES;
				ENABLE_USER_SCRIPT_SANDBOXING = YES;
				GCC_C_LANGUAGE_STANDARD = gnu17;
				GCC_DYNAMIC_NO_PIC = NO;
				GCC_NO_COMMON_BLOCKS = YES;
				GCC_OPTIMIZATION_LEVEL = 0;
				GCC_PREPROCESSOR_DEFINITIONS = (
					"DEBUG=1",
					"$(inherited)",
				);
				GCC_WARN_64_TO_32_BIT_CONVERSION = YES;
				GCC_WARN_ABOUT_RETURN_TYPE = YES_ERROR;
				GCC_WARN_UNDECLARED_SELECTOR = YES;
				GCC_WARN_UNINITIALIZED_AUTOS = YES_AGGRESSIVE;
				GCC_WARN_UNUSED_FUNCTION = YES;
				GCC_WARN_UNUSED_VARIABLE = YES;
				LOCALIZATION_PREFERS_STRING_CATALOGS = YES;
				MTL_ENABLE_DEBUG_INFO = INCLUDE_SOURCE;
				MTL_FAST_MATH = YES;
				ONLY_ACTIVE_ARCH = YES;
				SWIFT_ACTIVE_COMPILATION_CONDITIONS = "DEBUG $(inherited)";
				SWIFT_OPTIMIZATION_LEVEL = "-Onone";
			};
			name = Debug;
		};
		6169CB292C7C3F8E0092F61E /* Release */ = {
			isa = XCBuildConfiguration;
			buildSettings = {
				ALWAYS_SEARCH_USER_PATHS = NO;
				ASSETCATALOG_COMPILER_GENERATE_SWIFT_ASSET_SYMBOL_EXTENSIONS = YES;
				CLANG_ANALYZER_NONNULL = YES;
				CLANG_ANALYZER_NUMBER_OBJECT_CONVERSION = YES_AGGRESSIVE;
				CLANG_CXX_LANGUAGE_STANDARD = "gnu++20";
				CLANG_ENABLE_MODULES = YES;
				CLANG_ENABLE_OBJC_ARC = YES;
				CLANG_ENABLE_OBJC_WEAK = YES;
				CLANG_WARN_BLOCK_CAPTURE_AUTORELEASING = YES;
				CLANG_WARN_BOOL_CONVERSION = YES;
				CLANG_WARN_COMMA = YES;
				CLANG_WARN_CONSTANT_CONVERSION = YES;
				CLANG_WARN_DEPRECATED_OBJC_IMPLEMENTATIONS = YES;
				CLANG_WARN_DIRECT_OBJC_ISA_USAGE = YES_ERROR;
				CLANG_WARN_DOCUMENTATION_COMMENTS = YES;
				CLANG_WARN_EMPTY_BODY = YES;
				CLANG_WARN_ENUM_CONVERSION = YES;
				CLANG_WARN_INFINITE_RECURSION = YES;
				CLANG_WARN_INT_CONVERSION = YES;
				CLANG_WARN_NON_LITERAL_NULL_CONVERSION = YES;
				CLANG_WARN_OBJC_IMPLICIT_RETAIN_SELF = YES;
				CLANG_WARN_OBJC_LITERAL_CONVERSION = YES;
				CLANG_WARN_OBJC_ROOT_CLASS = YES_ERROR;
				CLANG_WARN_QUOTED_INCLUDE_IN_FRAMEWORK_HEADER = YES;
				CLANG_WARN_RANGE_LOOP_ANALYSIS = YES;
				CLANG_WARN_STRICT_PROTOTYPES = YES;
				CLANG_WARN_SUSPICIOUS_MOVE = YES;
				CLANG_WARN_UNGUARDED_AVAILABILITY = YES_AGGRESSIVE;
				CLANG_WARN_UNREACHABLE_CODE = YES;
				CLANG_WARN__DUPLICATE_METHOD_MATCH = YES;
				COPY_PHASE_STRIP = NO;
				DEBUG_INFORMATION_FORMAT = "dwarf-with-dsym";
				ENABLE_NS_ASSERTIONS = NO;
				ENABLE_STRICT_OBJC_MSGSEND = YES;
				ENABLE_USER_SCRIPT_SANDBOXING = YES;
				GCC_C_LANGUAGE_STANDARD = gnu17;
				GCC_NO_COMMON_BLOCKS = YES;
				GCC_WARN_64_TO_32_BIT_CONVERSION = YES;
				GCC_WARN_ABOUT_RETURN_TYPE = YES_ERROR;
				GCC_WARN_UNDECLARED_SELECTOR = YES;
				GCC_WARN_UNINITIALIZED_AUTOS = YES_AGGRESSIVE;
				GCC_WARN_UNUSED_FUNCTION = YES;
				GCC_WARN_UNUSED_VARIABLE = YES;
				LOCALIZATION_PREFERS_STRING_CATALOGS = YES;
				MTL_ENABLE_DEBUG_INFO = NO;
				MTL_FAST_MATH = YES;
				SWIFT_COMPILATION_MODE = wholemodule;
			};
			name = Release;
		};
		6169CB2B2C7C3F8E0092F61E /* Debug */ = {
			isa = XCBuildConfiguration;
			buildSettings = {
				ASSETCATALOG_COMPILER_APPICON_NAME = AppIcon;
				ASSETCATALOG_COMPILER_GLOBAL_ACCENT_COLOR_NAME = AccentColor;
				CODE_SIGN_ENTITLEMENTS = BoxOffice/BoxOffice.entitlements;
				CODE_SIGN_STYLE = Automatic;
				CURRENT_PROJECT_VERSION = 1;
				DEVELOPMENT_ASSET_PATHS = "\"BoxOffice/Preview Content\"";
				DEVELOPMENT_TEAM = NKP7KHA6D7;
				ENABLE_HARDENED_RUNTIME = YES;
				ENABLE_PREVIEWS = YES;
				GENERATE_INFOPLIST_FILE = YES;
				"INFOPLIST_KEY_UIApplicationSceneManifest_Generation[sdk=iphoneos*]" = YES;
				"INFOPLIST_KEY_UIApplicationSceneManifest_Generation[sdk=iphonesimulator*]" = YES;
				"INFOPLIST_KEY_UIApplicationSupportsIndirectInputEvents[sdk=iphoneos*]" = YES;
				"INFOPLIST_KEY_UIApplicationSupportsIndirectInputEvents[sdk=iphonesimulator*]" = YES;
				"INFOPLIST_KEY_UILaunchScreen_Generation[sdk=iphoneos*]" = YES;
				"INFOPLIST_KEY_UILaunchScreen_Generation[sdk=iphonesimulator*]" = YES;
				"INFOPLIST_KEY_UIStatusBarStyle[sdk=iphoneos*]" = UIStatusBarStyleDefault;
				"INFOPLIST_KEY_UIStatusBarStyle[sdk=iphonesimulator*]" = UIStatusBarStyleDefault;
				INFOPLIST_KEY_UISupportedInterfaceOrientations_iPad = "UIInterfaceOrientationPortrait UIInterfaceOrientationPortraitUpsideDown UIInterfaceOrientationLandscapeLeft UIInterfaceOrientationLandscapeRight";
				INFOPLIST_KEY_UISupportedInterfaceOrientations_iPhone = "UIInterfaceOrientationPortrait UIInterfaceOrientationLandscapeLeft UIInterfaceOrientationLandscapeRight";
				IPHONEOS_DEPLOYMENT_TARGET = 17.5;
				LD_RUNPATH_SEARCH_PATHS = "@executable_path/Frameworks";
				"LD_RUNPATH_SEARCH_PATHS[sdk=macosx*]" = "@executable_path/../Frameworks";
				MACOSX_DEPLOYMENT_TARGET = 14.4;
				MARKETING_VERSION = 1.0;
				PRODUCT_BUNDLE_IDENTIFIER = shchoi.BoxOffice;
				PRODUCT_NAME = "$(TARGET_NAME)";
				SDKROOT = auto;
				SUPPORTED_PLATFORMS = "iphoneos iphonesimulator macosx";
				SWIFT_EMIT_LOC_STRINGS = YES;
				SWIFT_VERSION = 5.0;
				TARGETED_DEVICE_FAMILY = "1,2";
			};
			name = Debug;
		};
		6169CB2C2C7C3F8E0092F61E /* Release */ = {
			isa = XCBuildConfiguration;
			buildSettings = {
				ASSETCATALOG_COMPILER_APPICON_NAME = AppIcon;
				ASSETCATALOG_COMPILER_GLOBAL_ACCENT_COLOR_NAME = AccentColor;
				CODE_SIGN_ENTITLEMENTS = BoxOffice/BoxOffice.entitlements;
				CODE_SIGN_STYLE = Automatic;
				CURRENT_PROJECT_VERSION = 1;
				DEVELOPMENT_ASSET_PATHS = "\"BoxOffice/Preview Content\"";
				DEVELOPMENT_TEAM = NKP7KHA6D7;
				ENABLE_HARDENED_RUNTIME = YES;
				ENABLE_PREVIEWS = YES;
				GENERATE_INFOPLIST_FILE = YES;
				"INFOPLIST_KEY_UIApplicationSceneManifest_Generation[sdk=iphoneos*]" = YES;
				"INFOPLIST_KEY_UIApplicationSceneManifest_Generation[sdk=iphonesimulator*]" = YES;
				"INFOPLIST_KEY_UIApplicationSupportsIndirectInputEvents[sdk=iphoneos*]" = YES;
				"INFOPLIST_KEY_UIApplicationSupportsIndirectInputEvents[sdk=iphonesimulator*]" = YES;
				"INFOPLIST_KEY_UILaunchScreen_Generation[sdk=iphoneos*]" = YES;
				"INFOPLIST_KEY_UILaunchScreen_Generation[sdk=iphonesimulator*]" = YES;
				"INFOPLIST_KEY_UIStatusBarStyle[sdk=iphoneos*]" = UIStatusBarStyleDefault;
				"INFOPLIST_KEY_UIStatusBarStyle[sdk=iphonesimulator*]" = UIStatusBarStyleDefault;
				INFOPLIST_KEY_UISupportedInterfaceOrientations_iPad = "UIInterfaceOrientationPortrait UIInterfaceOrientationPortraitUpsideDown UIInterfaceOrientationLandscapeLeft UIInterfaceOrientationLandscapeRight";
				INFOPLIST_KEY_UISupportedInterfaceOrientations_iPhone = "UIInterfaceOrientationPortrait UIInterfaceOrientationLandscapeLeft UIInterfaceOrientationLandscapeRight";
				IPHONEOS_DEPLOYMENT_TARGET = 17.5;
				LD_RUNPATH_SEARCH_PATHS = "@executable_path/Frameworks";
				"LD_RUNPATH_SEARCH_PATHS[sdk=macosx*]" = "@executable_path/../Frameworks";
				MACOSX_DEPLOYMENT_TARGET = 14.4;
				MARKETING_VERSION = 1.0;
				PRODUCT_BUNDLE_IDENTIFIER = shchoi.BoxOffice;
				PRODUCT_NAME = "$(TARGET_NAME)";
				SDKROOT = auto;
				SUPPORTED_PLATFORMS = "iphoneos iphonesimulator macosx";
				SWIFT_EMIT_LOC_STRINGS = YES;
				SWIFT_VERSION = 5.0;
				TARGETED_DEVICE_FAMILY = "1,2";
			};
			name = Release;
		};
/* End XCBuildConfiguration section */

/* Begin XCConfigurationList section */
		6169CB162C7C3F8D0092F61E /* Build configuration list for PBXProject "BoxOffice" */ = {
			isa = XCConfigurationList;
			buildConfigurations = (
				6169CB282C7C3F8E0092F61E /* Debug */,
				6169CB292C7C3F8E0092F61E /* Release */,
			);
			defaultConfigurationIsVisible = 0;
			defaultConfigurationName = Release;
		};
		6169CB2A2C7C3F8E0092F61E /* Build configuration list for PBXNativeTarget "BoxOffice" */ = {
			isa = XCConfigurationList;
			buildConfigurations = (
				6169CB2B2C7C3F8E0092F61E /* Debug */,
				6169CB2C2C7C3F8E0092F61E /* Release */,
			);
			defaultConfigurationIsVisible = 0;
			defaultConfigurationName = Release;
		};
/* End XCConfigurationList section */
	};
	rootObject = 6169CB132C7C3F8D0092F61E /* Project object */;
}
